
Microsoft Visual Studio Solution File, Format Version 12.00
# Visual Studio Version 17
VisualStudioVersion = 17.0.32014.148
MinimumVisualStudioVersion = 10.0.40219.1
Project("{8BC9CEB8-8B4A-11D0-8D11-00A0C91BC942}") = "Project2", "Project2\Project2.vcxproj", "{ECFF4714-769F-4425-A8D9-DD916E130AFC}"
EndProject
Project("{54435603-DBB4-11D2-8724-00A0C9A8B90C}") = "Setup", "Setup\Setup.vdproj", "{BABBA618-FCF7-4657-B325-CCC7D4A1E931}"
EndProject
Global
	GlobalSection(SolutionConfigurationPlatforms) = preSolution
		Debug|x64 = Debug|x64
		Debug|x86 = Debug|x86
		Release|x64 = Release|x64
		Release|x86 = Release|x86
	EndGlobalSection
	GlobalSection(ProjectConfigurationPlatforms) = postSolution
		{ECFF4714-769F-4425-A8D9-DD916E130AFC}.Debug|x64.ActiveCfg = Debug|x64
		{ECFF4714-769F-4425-A8D9-DD916E130AFC}.Debug|x64.Build.0 = Debug|x64
		{ECFF4714-769F-4425-A8D9-DD916E130AFC}.Debug|x86.ActiveCfg = Debug|Win32
		{ECFF4714-769F-4425-A8D9-DD916E130AFC}.Debug|x86.Build.0 = Debug|Win32
		{ECFF4714-769F-4425-A8D9-DD916E130AFC}.Release|x64.ActiveCfg = Release|x64
		{ECFF4714-769F-4425-A8D9-DD916E130AFC}.Release|x64.Build.0 = Release|x64
		{ECFF4714-769F-4425-A8D9-DD916E130AFC}.Release|x86.ActiveCfg = Release|Win32
		{ECFF4714-769F-4425-A8D9-DD916E130AFC}.Release|x86.Build.0 = Release|Win32
		{BABBA618-FCF7-4657-B325-CCC7D4A1E931}.Debug|x64.ActiveCfg = Release
		{BABBA618-FCF7-4657-B325-CCC7D4A1E931}.Debug|x86.ActiveCfg = Debug
		{BABBA618-FCF7-4657-B325-CCC7D4A1E931}.Release|x64.ActiveCfg = Release
		{BABBA618-FCF7-4657-B325-CCC7D4A1E931}.Release|x86.ActiveCfg = Release
	EndGlobalSection
	GlobalSection(SolutionProperties) = preSolution
		HideSolutionNode = FALSE
	EndGlobalSection
	GlobalSection(ExtensibilityGlobals) = postSolution
		SolutionGuid = {E7D40CEC-D90C-406F-A159-58DAE43B80A1}
	EndGlobalSection
EndGlobal
