<?xml version="1.0" encoding="utf-8"?>
<Project ToolsVersion="4.0" xmlns="http://schemas.microsoft.com/developer/msbuild/2003">
  <ItemGroup>
    <Filter Include="Source Files">
      <UniqueIdentifier>{4FC737F1-C7A5-4376-A066-2A32D752A2FF}</UniqueIdentifier>
      <Extensions>cpp;c;cc;cxx;c++;cppm;ixx;def;odl;idl;hpj;bat;asm;asmx</Extensions>
    </Filter>
    <Filter Include="Header Files">
      <UniqueIdentifier>{93995380-89BD-4b04-88EB-625FBE52EBFB}</UniqueIdentifier>
      <Extensions>h;hh;hpp;hxx;h++;hm;inl;inc;ipp;xsd</Extensions>
    </Filter>
    <Filter Include="Resource Files">
      <UniqueIdentifier>{67DA6AB6-F800-4c08-8B7A-83BB121AAD01}</UniqueIdentifier>
      <Extensions>rc;ico;cur;bmp;dlg;rc2;rct;bin;rgs;gif;jpg;jpeg;jpe;resx;tiff;tif;png;wav;mfcribbon-ms</Extensions>
    </Filter>
  </ItemGroup>
  <ItemGroup>
    <ClCompile Include="MyForm.cpp">
      <Filter>Source Files</Filter>
    </ClCompile>
    <ClCompile Include="Menu1.cpp">
      <Filter>Source Files</Filter>
    </ClCompile>
    <ClCompile Include="PizzaMenu.cpp">
      <Filter>Source Files</Filter>
    </ClCompile>
    <ClCompile Include="SuccessfulNotification.cpp">
      <Filter>Source Files</Filter>
    </ClCompile>
    <ClCompile Include="pizza.cpp">
      <Filter>Source Files</Filter>
    </ClCompile>
    <ClCompile Include="cart.cpp">
      <Filter>Source Files</Filter>
    </ClCompile>
    <ClCompile Include="Receipt.cpp">
      <Filter>Source Files</Filter>
    </ClCompile>
    <ClCompile Include="Description.cpp">
      <Filter>Source Files</Filter>
    </ClCompile>
    <ClCompile Include="data.cpp">
      <Filter>Source Files</Filter>
    </ClCompile>
    <ClCompile Include="ToggleBtns.cpp">
      <Filter>Source Files</Filter>
    </ClCompile>
    <ClCompile Include="StateManagement.cpp">
      <Filter>Source Files</Filter>
    </ClCompile>
    <ClCompile Include="cartData.cpp">
      <Filter>Source Files</Filter>
    </ClCompile>
  </ItemGroup>
  <ItemGroup>
    <ClInclude Include="MyForm.h">
      <Filter>Header Files</Filter>
    </ClInclude>
    <ClInclude Include="Menu1.h">
      <Filter>Header Files</Filter>
    </ClInclude>
    <ClInclude Include="PizzaMenu.h">
      <Filter>Header Files</Filter>
    </ClInclude>
    <ClInclude Include="SuccessfulNotification.h">
      <Filter>Header Files</Filter>
    </ClInclude>
    <ClInclude Include="pizza.h">
      <Filter>Header Files</Filter>
    </ClInclude>
    <ClInclude Include="cart.h">
      <Filter>Header Files</Filter>
    </ClInclude>
    <ClInclude Include="Receipt.h">
      <Filter>Header Files</Filter>
    </ClInclude>
    <ClInclude Include="Description.h">
      <Filter>Header Files</Filter>
    </ClInclude>
    <ClInclude Include="data.h">
      <Filter>Header Files</Filter>
    </ClInclude>
    <ClInclude Include="resource.h">
      <Filter>Header Files</Filter>
    </ClInclude>
    <ClInclude Include="ToggleBtns.h">
      <Filter>Header Files</Filter>
    </ClInclude>
    <ClInclude Include="soup.h">
      <Filter>Header Files</Filter>
    </ClInclude>
    <ClInclude Include="Header.h">
      <Filter>Header Files</Filter>
    </ClInclude>
    <ClInclude Include="StateManagement.h">
      <Filter>Header Files</Filter>
    </ClInclude>
    <ClInclude Include="cartData.h">
      <Filter>Header Files</Filter>
    </ClInclude>
  </ItemGroup>
  <ItemGroup>
    <ResourceCompile Include="Project2.rc">
      <Filter>Resource Files</Filter>
    </ResourceCompile>
  </ItemGroup>
  <ItemGroup>
    <Image Include="imgs\bacon-pizza.png">
      <Filter>Resource Files</Filter>
    </Image>
    <Image Include="imgs\cake.png">
      <Filter>Resource Files</Filter>
    </Image>
    <Image Include="imgs\cheese-pizza.png">
      <Filter>Resource Files</Filter>
    </Image>
    <Image Include="imgs\final-pizza.png">
      <Filter>Resource Files</Filter>
    </Image>
    <Image Include="imgs\kale-pizza.png">
      <Filter>Resource Files</Filter>
    </Image>
    <Image Include="imgs\meat-lover-pizza.png">
      <Filter>Resource Files</Filter>
    </Image>
    <Image Include="imgs\pepperoni-pizza.png">
      <Filter>Resource Files</Filter>
    </Image>
    <Image Include="imgs\pine-pizza.png">
      <Filter>Resource Files</Filter>
    </Image>
    <Image Include="imgs\prawn-pizza.png">
      <Filter>Resource Files</Filter>
    </Image>
    <Image Include="imgs\smoothie.png">
      <Filter>Resource Files</Filter>
    </Image>
    <Image Include="imgs\Supreme-Pizza.png">
      <Filter>Resource Files</Filter>
    </Image>
  </ItemGroup>
</Project>